
Microsoft Visual Studio Solution File, Format Version 12.00
# Visual Studio Version 16
VisualStudioVersion = 16.0.29911.84
MinimumVisualStudioVersion = 10.0.40219.1
Project("{9A19103F-16F7-4668-BE54-9A1E7A4F7556}") = "PlanteShopService", "PlanteShopService.csproj", "{745AFD05-443C-411B-A605-9302C1AC2719}"
EndProject
Project("{9A19103F-16F7-4668-BE54-9A1E7A4F7556}") = "MockConsumer", "..\MockConsumer\MockConsumer.csproj", "{6D615958-F6C2-427D-9B71-DC859310AB90}"
EndProject
Global
	GlobalSection(SolutionConfigurationPlatforms) = preSolution
		Debug|Any CPU = Debug|Any CPU
		Release|Any CPU = Release|Any CPU
	EndGlobalSection
	GlobalSection(ProjectConfigurationPlatforms) = postSolution
		{745AFD05-443C-411B-A605-9302C1AC2719}.Debug|Any CPU.ActiveCfg = Debug|Any CPU
		{745AFD05-443C-411B-A605-9302C1AC2719}.Debug|Any CPU.Build.0 = Debug|Any CPU
		{745AFD05-443C-411B-A605-9302C1AC2719}.Release|Any CPU.ActiveCfg = Release|Any CPU
		{745AFD05-443C-411B-A605-9302C1AC2719}.Release|Any CPU.Build.0 = Release|Any CPU
		{6D615958-F6C2-427D-9B71-DC859310AB90}.Debug|Any CPU.ActiveCfg = Debug|Any CPU
		{6D615958-F6C2-427D-9B71-DC859310AB90}.Debug|Any CPU.Build.0 = Debug|Any CPU
		{6D615958-F6C2-427D-9B71-DC859310AB90}.Release|Any CPU.ActiveCfg = Release|Any CPU
		{6D615958-F6C2-427D-9B71-DC859310AB90}.Release|Any CPU.Build.0 = Release|Any CPU
	EndGlobalSection
	GlobalSection(SolutionProperties) = preSolution
		HideSolutionNode = FALSE
	EndGlobalSection
	GlobalSection(ExtensibilityGlobals) = postSolution
		SolutionGuid = {23117D74-313E-46BF-89C8-FBBABD752D78}
	EndGlobalSection
EndGlobal
